{
  "version": 4,
  "terraform_version": "0.12.1",
  "serial": 92,
  "lineage": "b9ac4c3f-d141-953e-e71a-7522880fdd4d",
  "outputs": {},
  "resources": [
    {
      "mode": "managed",
      "type": "ibm_compute_ssh_key",
      "name": "provision_key_dc",
      "provider": "provider.ibm",
      "instances": [
        {
          "schema_version": 0,
          "attributes": {
            "fingerprint": "SHA256:cNXEU8iFWS1gJuKLbJrXlz5c6UE51xJLEM+GivCkQsU",
            "id": "2039538",
            "label": "test_key_dc",
            "notes": "",
            "public_key": "ssh-rsa AAAAB3NzaC1yc2EAAAADAQABAAABAQC2SvIIdpRkT7NknI6FDdkXNa4/hZVVmPw9RgS8xYhnrST0hTdJ1FDI/vG8R8MiunCao8+/aSPvNULNhr0/bXX60KuGWdKCwB655pLymLo+l+4bFH91z09mL+g+OYZzOhYw4Bg4QgnPoS2VfdFqLNv2uABHfDtFVU7A1deIQNtTPqVGjB6Yi05BexvgnPNP4cnuqMo4KxkNHyuPyvnoA2/A1Otlj3ZNOPJwJ0azE9a3a7YGWoNfAcpH0aFHNr8LHQ8PzLeZDTz53P0WM4w3n6m2Bgon+JeJLxzebxnFWTV9R/XBae9/84MvDefszFOUh9FLgblyhgxDnTL49eGeErA9 root@inmbzp7078.in.dst.ibm.com",
            "tags": null
          }
        }
      ]
    }
  ]
}
